<?xml version="1.0" encoding="utf-8"?>
<Project ToolsVersion="4.0" xmlns="http://schemas.microsoft.com/developer/msbuild/2003">
  <ItemGroup>
    <Filter Include="Main">
      <UniqueIdentifier>{6edd408e-4aef-4d9d-836f-622a5146aa88}</UniqueIdentifier>
    </Filter>
    <Filter Include="Network">
      <UniqueIdentifier>{812fb6e3-0aa1-42b0-929b-45e5c741c53a}</UniqueIdentifier>
    </Filter>
  </ItemGroup>
  <ItemGroup>
    <ClInclude Include="..\..\..\..\Source\Server\Game\Main\GamePCH.h">
      <Filter>Main</Filter>
    </ClInclude>
    <ClInclude Include="..\..\..\..\Source\Server\Game\Network\NetworkService.h">
      <Filter>Network</Filter>
    </ClInclude>
  </ItemGroup>
  <ItemGroup>
    <ClCompile Include="..\..\..\..\Source\Server\Game\Main\Main.cpp">
      <Filter>Main</Filter>
    </ClCompile>
    <ClCompile Include="..\..\..\..\Source\Server\Game\Main\GamePCH.cpp">
      <Filter>Main</Filter>
    </ClCompile>
    <ClCompile Include="..\..\..\..\Source\Server\Game\Network\NetworkService.cpp">
      <Filter>Network</Filter>
    </ClCompile>
  </ItemGroup>
</Project>