<?xml version="1.0" encoding="utf-8"?>
<Project ToolsVersion="4.0" xmlns="http://schemas.microsoft.com/developer/msbuild/2003">
  <ItemGroup>
    <Filter Include="header files">
      <UniqueIdentifier>{93995380-89BD-4b04-88EB-625FBE52EBFB}</UniqueIdentifier>
      <Extensions>h;hh;hpp;hxx;hm;inl;inc;xsd</Extensions>
    </Filter>
    <Filter Include="source files">
      <UniqueIdentifier>{4FC737F1-C7A5-4376-A066-2A32D752A2FF}</UniqueIdentifier>
      <Extensions>cpp;c;cc;cxx;def;odl;idl;hpj;bat;asm;asmx</Extensions>
    </Filter>
  </ItemGroup>
  <ItemGroup>
    <ClInclude Include="..\..\..\..\Source\Template\targetver.h">
      <Filter>header files</Filter>
    </ClInclude>
    <ClInclude Include="..\..\..\..\Source\Template\TemplatePCH.h">
      <Filter>header files</Filter>
    </ClInclude>
    <ClInclude Include="..\..\..\..\Source\Template\Service2.h">
      <Filter>header files</Filter>
    </ClInclude>
    <ClInclude Include="..\..\..\..\Source\Template\Service0.h">
      <Filter>header files</Filter>
    </ClInclude>
    <ClInclude Include="..\..\..\..\Source\Template\Service1.h">
      <Filter>header files</Filter>
    </ClInclude>
  </ItemGroup>
  <ItemGroup>
    <ClCompile Include="..\..\..\..\Source\Template\TemplatePCH.cpp">
      <Filter>source files</Filter>
    </ClCompile>
    <ClCompile Include="..\..\..\..\Source\Template\main.cpp">
      <Filter>source files</Filter>
    </ClCompile>
    <ClCompile Include="..\..\..\..\Source\Template\Service2.cpp">
      <Filter>source files</Filter>
    </ClCompile>
    <ClCompile Include="..\..\..\..\Source\Template\Service0.cpp">
      <Filter>source files</Filter>
    </ClCompile>
    <ClCompile Include="..\..\..\..\Source\Template\Service1.cpp">
      <Filter>source files</Filter>
    </ClCompile>
  </ItemGroup>
</Project>