
Microsoft Visual Studio Solution File, Format Version 11.00
# Visual Studio 2010
Project("{8BC9CEB8-8B4A-11D0-8D11-00A0C91BC942}") = "ClientTest", "Projects\ClientTest.vcxproj", "{0E031FBC-83EF-4D82-B5F5-4B00BA8B5351}"
	ProjectSection(ProjectDependencies) = postProject
		{8116C183-ACE1-40F4-82BC-13E4C47E5D4F} = {8116C183-ACE1-40F4-82BC-13E4C47E5D4F}
	EndProjectSection
EndProject
Project("{8BC9CEB8-8B4A-11D0-8D11-00A0C91BC942}") = "Network", "Projects\Network.vcxproj", "{8116C183-ACE1-40F4-82BC-13E4C47E5D4F}"
EndProject
Project("{2150E333-8FDC-42A3-9474-1A3956D46DE8}") = "Common", "Common", "{E9880759-EF94-41E7-8F3D-B598DAF4BEAD}"
EndProject
Project("{8BC9CEB8-8B4A-11D0-8D11-00A0C91BC942}") = "Utility", "Projects\Utility.vcxproj", "{0B22B072-A99A-493C-8F5B-3044F465FBE2}"
EndProject
Project("{8BC9CEB8-8B4A-11D0-8D11-00A0C91BC942}") = "Database", "Projects\Database.vcxproj", "{82B36624-674F-4661-89B7-592A0CEC8B3B}"
EndProject
Project("{8BC9CEB8-8B4A-11D0-8D11-00A0C91BC942}") = "Runtime", "Projects\Runtime.vcxproj", "{92FC2ED2-5B04-4D08-AA71-6EFCF697E511}"
EndProject
Global
	GlobalSection(SolutionConfigurationPlatforms) = preSolution
		Debug|Win32 = Debug|Win32
		Release|Win32 = Release|Win32
	EndGlobalSection
	GlobalSection(ProjectConfigurationPlatforms) = postSolution
		{0E031FBC-83EF-4D82-B5F5-4B00BA8B5351}.Debug|Win32.ActiveCfg = Debug|Win32
		{0E031FBC-83EF-4D82-B5F5-4B00BA8B5351}.Debug|Win32.Build.0 = Debug|Win32
		{0E031FBC-83EF-4D82-B5F5-4B00BA8B5351}.Release|Win32.ActiveCfg = Release|Win32
		{0E031FBC-83EF-4D82-B5F5-4B00BA8B5351}.Release|Win32.Build.0 = Release|Win32
		{8116C183-ACE1-40F4-82BC-13E4C47E5D4F}.Debug|Win32.ActiveCfg = Debug|Win32
		{8116C183-ACE1-40F4-82BC-13E4C47E5D4F}.Debug|Win32.Build.0 = Debug|Win32
		{8116C183-ACE1-40F4-82BC-13E4C47E5D4F}.Release|Win32.ActiveCfg = Release|Win32
		{8116C183-ACE1-40F4-82BC-13E4C47E5D4F}.Release|Win32.Build.0 = Release|Win32
		{0B22B072-A99A-493C-8F5B-3044F465FBE2}.Debug|Win32.ActiveCfg = Debug|Win32
		{0B22B072-A99A-493C-8F5B-3044F465FBE2}.Debug|Win32.Build.0 = Debug|Win32
		{0B22B072-A99A-493C-8F5B-3044F465FBE2}.Release|Win32.ActiveCfg = Release|Win32
		{0B22B072-A99A-493C-8F5B-3044F465FBE2}.Release|Win32.Build.0 = Release|Win32
		{82B36624-674F-4661-89B7-592A0CEC8B3B}.Debug|Win32.ActiveCfg = Debug|Win32
		{82B36624-674F-4661-89B7-592A0CEC8B3B}.Debug|Win32.Build.0 = Debug|Win32
		{82B36624-674F-4661-89B7-592A0CEC8B3B}.Release|Win32.ActiveCfg = Release|Win32
		{82B36624-674F-4661-89B7-592A0CEC8B3B}.Release|Win32.Build.0 = Release|Win32
		{92FC2ED2-5B04-4D08-AA71-6EFCF697E511}.Debug|Win32.ActiveCfg = Debug|Win32
		{92FC2ED2-5B04-4D08-AA71-6EFCF697E511}.Debug|Win32.Build.0 = Debug|Win32
		{92FC2ED2-5B04-4D08-AA71-6EFCF697E511}.Release|Win32.ActiveCfg = Release|Win32
		{92FC2ED2-5B04-4D08-AA71-6EFCF697E511}.Release|Win32.Build.0 = Release|Win32
	EndGlobalSection
	GlobalSection(SolutionProperties) = preSolution
		HideSolutionNode = FALSE
	EndGlobalSection
	GlobalSection(NestedProjects) = preSolution
		{8116C183-ACE1-40F4-82BC-13E4C47E5D4F} = {E9880759-EF94-41E7-8F3D-B598DAF4BEAD}
		{0B22B072-A99A-493C-8F5B-3044F465FBE2} = {E9880759-EF94-41E7-8F3D-B598DAF4BEAD}
		{82B36624-674F-4661-89B7-592A0CEC8B3B} = {E9880759-EF94-41E7-8F3D-B598DAF4BEAD}
		{92FC2ED2-5B04-4D08-AA71-6EFCF697E511} = {E9880759-EF94-41E7-8F3D-B598DAF4BEAD}
	EndGlobalSection
EndGlobal
