
Microsoft Visual Studio Solution File, Format Version 12.00
# Visual Studio 2013
VisualStudioVersion = 12.0.30723.0
MinimumVisualStudioVersion = 10.0.40219.1
Project("{8BC9CEB8-8B4A-11D0-8D11-00A0C91BC942}") = "ServerTest", "Projects\ServerTest.vcxproj", "{1D25637B-83A6-4DE1-8DE2-7453C1E7C71D}"
	ProjectSection(ProjectDependencies) = postProject
		{82B36624-674F-4661-89B7-592A0CEC8B3B} = {82B36624-674F-4661-89B7-592A0CEC8B3B}
		{0B22B072-A99A-493C-8F5B-3044F465FBE2} = {0B22B072-A99A-493C-8F5B-3044F465FBE2}
		{8116C183-ACE1-40F4-82BC-13E4C47E5D4F} = {8116C183-ACE1-40F4-82BC-13E4C47E5D4F}
		{92FC2ED2-5B04-4D08-AA71-6EFCF697E511} = {92FC2ED2-5B04-4D08-AA71-6EFCF697E511}
	EndProjectSection
EndProject
Project("{8BC9CEB8-8B4A-11D0-8D11-00A0C91BC942}") = "Database", "Projects\Database.vcxproj", "{82B36624-674F-4661-89B7-592A0CEC8B3B}"
	ProjectSection(ProjectDependencies) = postProject
		{0B22B072-A99A-493C-8F5B-3044F465FBE2} = {0B22B072-A99A-493C-8F5B-3044F465FBE2}
		{92FC2ED2-5B04-4D08-AA71-6EFCF697E511} = {92FC2ED2-5B04-4D08-AA71-6EFCF697E511}
	EndProjectSection
EndProject
Project("{8BC9CEB8-8B4A-11D0-8D11-00A0C91BC942}") = "Network", "Projects\Network.vcxproj", "{8116C183-ACE1-40F4-82BC-13E4C47E5D4F}"
	ProjectSection(ProjectDependencies) = postProject
		{0B22B072-A99A-493C-8F5B-3044F465FBE2} = {0B22B072-A99A-493C-8F5B-3044F465FBE2}
		{92FC2ED2-5B04-4D08-AA71-6EFCF697E511} = {92FC2ED2-5B04-4D08-AA71-6EFCF697E511}
	EndProjectSection
EndProject
Project("{8BC9CEB8-8B4A-11D0-8D11-00A0C91BC942}") = "Runtime", "Projects\Runtime.vcxproj", "{92FC2ED2-5B04-4D08-AA71-6EFCF697E511}"
	ProjectSection(ProjectDependencies) = postProject
		{0B22B072-A99A-493C-8F5B-3044F465FBE2} = {0B22B072-A99A-493C-8F5B-3044F465FBE2}
	EndProjectSection
EndProject
Project("{8BC9CEB8-8B4A-11D0-8D11-00A0C91BC942}") = "Utility", "Projects\Utility.vcxproj", "{0B22B072-A99A-493C-8F5B-3044F465FBE2}"
EndProject
Global
	GlobalSection(SolutionConfigurationPlatforms) = preSolution
		Debug|Win32 = Debug|Win32
		Release|Win32 = Release|Win32
	EndGlobalSection
	GlobalSection(ProjectConfigurationPlatforms) = postSolution
		{1D25637B-83A6-4DE1-8DE2-7453C1E7C71D}.Debug|Win32.ActiveCfg = Debug|Win32
		{1D25637B-83A6-4DE1-8DE2-7453C1E7C71D}.Debug|Win32.Build.0 = Debug|Win32
		{1D25637B-83A6-4DE1-8DE2-7453C1E7C71D}.Release|Win32.ActiveCfg = Release|Win32
		{1D25637B-83A6-4DE1-8DE2-7453C1E7C71D}.Release|Win32.Build.0 = Release|Win32
		{82B36624-674F-4661-89B7-592A0CEC8B3B}.Debug|Win32.ActiveCfg = Debug|Win32
		{82B36624-674F-4661-89B7-592A0CEC8B3B}.Debug|Win32.Build.0 = Debug|Win32
		{82B36624-674F-4661-89B7-592A0CEC8B3B}.Release|Win32.ActiveCfg = Release|Win32
		{82B36624-674F-4661-89B7-592A0CEC8B3B}.Release|Win32.Build.0 = Release|Win32
		{8116C183-ACE1-40F4-82BC-13E4C47E5D4F}.Debug|Win32.ActiveCfg = Debug|Win32
		{8116C183-ACE1-40F4-82BC-13E4C47E5D4F}.Debug|Win32.Build.0 = Debug|Win32
		{8116C183-ACE1-40F4-82BC-13E4C47E5D4F}.Release|Win32.ActiveCfg = Release|Win32
		{8116C183-ACE1-40F4-82BC-13E4C47E5D4F}.Release|Win32.Build.0 = Release|Win32
		{92FC2ED2-5B04-4D08-AA71-6EFCF697E511}.Debug|Win32.ActiveCfg = Debug|Win32
		{92FC2ED2-5B04-4D08-AA71-6EFCF697E511}.Debug|Win32.Build.0 = Debug|Win32
		{92FC2ED2-5B04-4D08-AA71-6EFCF697E511}.Release|Win32.ActiveCfg = Release|Win32
		{92FC2ED2-5B04-4D08-AA71-6EFCF697E511}.Release|Win32.Build.0 = Release|Win32
		{0B22B072-A99A-493C-8F5B-3044F465FBE2}.Debug|Win32.ActiveCfg = Debug|Win32
		{0B22B072-A99A-493C-8F5B-3044F465FBE2}.Debug|Win32.Build.0 = Debug|Win32
		{0B22B072-A99A-493C-8F5B-3044F465FBE2}.Release|Win32.ActiveCfg = Release|Win32
		{0B22B072-A99A-493C-8F5B-3044F465FBE2}.Release|Win32.Build.0 = Release|Win32
	EndGlobalSection
	GlobalSection(SolutionProperties) = preSolution
		HideSolutionNode = FALSE
	EndGlobalSection
EndGlobal
